
Microsoft Visual Studio Solution File, Format Version 12.00
# Visual Studio Version 16
VisualStudioVersion = 16.0.31105.61
MinimumVisualStudioVersion = 10.0.40219.1
Project("{8BC9CEB8-8B4A-11D0-8D11-00A0C91BC942}") = "lab 1.7", "lab 1.7\lab 1.7.vcxproj", "{C93DFAC8-B43E-4D05-B163-061BAAD5FBBA}"
EndProject
Project("{8BC9CEB8-8B4A-11D0-8D11-00A0C91BC942}") = "UnitTest4", "UnitTest4\UnitTest4.vcxproj", "{20F69460-EAA6-4240-B1B9-BC3454FFA2B1}"
EndProject
Global
	GlobalSection(SolutionConfigurationPlatforms) = preSolution
		Debug|x64 = Debug|x64
		Debug|x86 = Debug|x86
		Release|x64 = Release|x64
		Release|x86 = Release|x86
	EndGlobalSection
	GlobalSection(ProjectConfigurationPlatforms) = postSolution
		{C93DFAC8-B43E-4D05-B163-061BAAD5FBBA}.Debug|x64.ActiveCfg = Debug|x64
		{C93DFAC8-B43E-4D05-B163-061BAAD5FBBA}.Debug|x64.Build.0 = Debug|x64
		{C93DFAC8-B43E-4D05-B163-061BAAD5FBBA}.Debug|x86.ActiveCfg = Debug|Win32
		{C93DFAC8-B43E-4D05-B163-061BAAD5FBBA}.Debug|x86.Build.0 = Debug|Win32
		{C93DFAC8-B43E-4D05-B163-061BAAD5FBBA}.Release|x64.ActiveCfg = Release|x64
		{C93DFAC8-B43E-4D05-B163-061BAAD5FBBA}.Release|x64.Build.0 = Release|x64
		{C93DFAC8-B43E-4D05-B163-061BAAD5FBBA}.Release|x86.ActiveCfg = Release|Win32
		{C93DFAC8-B43E-4D05-B163-061BAAD5FBBA}.Release|x86.Build.0 = Release|Win32
		{20F69460-EAA6-4240-B1B9-BC3454FFA2B1}.Debug|x64.ActiveCfg = Debug|x64
		{20F69460-EAA6-4240-B1B9-BC3454FFA2B1}.Debug|x64.Build.0 = Debug|x64
		{20F69460-EAA6-4240-B1B9-BC3454FFA2B1}.Debug|x86.ActiveCfg = Debug|Win32
		{20F69460-EAA6-4240-B1B9-BC3454FFA2B1}.Debug|x86.Build.0 = Debug|Win32
		{20F69460-EAA6-4240-B1B9-BC3454FFA2B1}.Release|x64.ActiveCfg = Release|x64
		{20F69460-EAA6-4240-B1B9-BC3454FFA2B1}.Release|x64.Build.0 = Release|x64
		{20F69460-EAA6-4240-B1B9-BC3454FFA2B1}.Release|x86.ActiveCfg = Release|Win32
		{20F69460-EAA6-4240-B1B9-BC3454FFA2B1}.Release|x86.Build.0 = Release|Win32
	EndGlobalSection
	GlobalSection(SolutionProperties) = preSolution
		HideSolutionNode = FALSE
	EndGlobalSection
	GlobalSection(ExtensibilityGlobals) = postSolution
		SolutionGuid = {E57B9B2E-13A6-49AB-88E9-C4103EEB03E9}
	EndGlobalSection
EndGlobal
